
Microsoft Visual Studio Solution File, Format Version 12.00
# Visual Studio Version 16
VisualStudioVersion = 16.0.29519.87
MinimumVisualStudioVersion = 10.0.40219.1
Project("{FAE04EC0-301F-11D3-BF4B-00C04F79EFBC}") = "Bolos", "Bolos\Bolos.csproj", "{74BDFDEF-312B-4219-B7D4-49B33EC40F20}"
EndProject
Global
	GlobalSection(SolutionConfigurationPlatforms) = preSolution
		Debug|Any CPU = Debug|Any CPU
		Release|Any CPU = Release|Any CPU
	EndGlobalSection
	GlobalSection(ProjectConfigurationPlatforms) = postSolution
		{74BDFDEF-312B-4219-B7D4-49B33EC40F20}.Debug|Any CPU.ActiveCfg = Debug|Any CPU
		{74BDFDEF-312B-4219-B7D4-49B33EC40F20}.Debug|Any CPU.Build.0 = Debug|Any CPU
		{74BDFDEF-312B-4219-B7D4-49B33EC40F20}.Release|Any CPU.ActiveCfg = Release|Any CPU
		{74BDFDEF-312B-4219-B7D4-49B33EC40F20}.Release|Any CPU.Build.0 = Release|Any CPU
	EndGlobalSection
	GlobalSection(SolutionProperties) = preSolution
		HideSolutionNode = FALSE
	EndGlobalSection
	GlobalSection(ExtensibilityGlobals) = postSolution
		SolutionGuid = {827A0DA4-0378-4837-8DAF-B617FF21788C}
	EndGlobalSection
EndGlobal
